// !$*UTF8*$!
{
	archiveVersion = 1;
	classes = {
	};
	objectVersion = 48;
	objects = {

/* Begin PBXBuildFile section */
		8D3F45E9207F037C00475AFF /* AppDelegate.swift in Sources */ = {isa = PBXBuildFile; fileRef = 8D3F45E8207F037C00475AFF /* AppDelegate.swift */; };
		8D3F45EB207F037C00475AFF /* ViewController.swift in Sources */ = {isa = PBXBuildFile; fileRef = 8D3F45EA207F037C00475AFF /* ViewController.swift */; };
		8D3F45EE207F037C00475AFF /* Main.storyboard in Resources */ = {isa = PBXBuildFile; fileRef = 8D3F45EC207F037C00475AFF /* Main.storyboard */; };
		8D3F45F0207F037C00475AFF /* Assets.xcassets in Resources */ = {isa = PBXBuildFile; fileRef = 8D3F45EF207F037C00475AFF /* Assets.xcassets */; };
		8D3F45F3207F037C00475AFF /* LaunchScreen.storyboard in Resources */ = {isa = PBXBuildFile; fileRef = 8D3F45F1207F037C00475AFF /* LaunchScreen.storyboard */; };
		8D3F45FD207F03DC00475AFF /* AVKit.framework in Frameworks */ = {isa = PBXBuildFile; fileRef = 8D3F45FB207F03DC00475AFF /* AVKit.framework */; };
		8D3F45FE207F03DC00475AFF /* AVFoundation.framework in Frameworks */ = {isa = PBXBuildFile; fileRef = 8D3F45FC207F03DC00475AFF /* AVFoundation.framework */; };
/* End PBXBuildFile section */

/* Begin PBXFileReference section */
		8D3F45E5207F037C00475AFF /* HLS-Stream-Video.app */ = {isa = PBXFileReference; explicitFileType = wrapper.application; includeInIndex = 0; path = "HLS-Stream-Video.app"; sourceTree = BUILT_PRODUCTS_DIR; };
		8D3F45E8207F037C00475AFF /* AppDelegate.swift */ = {isa = PBXFileReference; lastKnownFileType = sourcecode.swift; path = AppDelegate.swift; sourceTree = "<group>"; };
		8D3F45EA207F037C00475AFF /* ViewController.swift */ = {isa = PBXFileReference; lastKnownFileType = sourcecode.swift; path = ViewController.swift; sourceTree = "<group>"; };
		8D3F45ED207F037C00475AFF /* Base */ = {isa = PBXFileReference; lastKnownFileType = file.storyboard; name = Base; path = Base.lproj/Main.storyboard; sourceTree = "<group>"; };
		8D3F45EF207F037C00475AFF /* Assets.xcassets */ = {isa = PBXFileReference; lastKnownFileType = folder.assetcatalog; path = Assets.xcassets; sourceTree = "<group>"; };
		8D3F45F2207F037C00475AFF /* Base */ = {isa = PBXFileReference; lastKnownFileType = file.storyboard; name = Base; path = Base.lproj/LaunchScreen.storyboard; sourceTree = "<group>"; };
		8D3F45F4207F037C00475AFF /* Info.plist */ = {isa = PBXFileReference; lastKnownFileType = text.plist.xml; path = Info.plist; sourceTree = "<group>"; };
		8D3F45FB207F03DC00475AFF /* AVKit.framework */ = {isa = PBXFileReference; lastKnownFileType = wrapper.framework; name = AVKit.framework; path = System/Library/Frameworks/AVKit.framework; sourceTree = SDKROOT; };
		8D3F45FC207F03DC00475AFF /* AVFoundation.framework */ = {isa = PBXFileReference; lastKnownFileType = wrapper.framework; name = AVFoundation.framework; path = System/Library/Frameworks/AVFoundation.framework; sourceTree = SDKROOT; };
/* End PBXFileReference section */

/* Begin PBXFrameworksBuildPhase section */
		8D3F45E2207F037C00475AFF /* Frameworks */ = {
			isa = PBXFrameworksBuildPhase;
			buildActionMask = 2147483647;
			files = (
				8D3F45FD207F03DC00475AFF /* AVKit.framework in Frameworks */,
				8D3F45FE207F03DC00475AFF /* AVFoundation.framework in Frameworks */,
			);
			runOnlyForDeploymentPostprocessing = 0;
		};
/* End PBXFrameworksBuildPhase section */

/* Begin PBXGroup section */
		8D3F45DC207F037C00475AFF = {
			isa = PBXGroup;
			children = (
				8D3F45E7207F037C00475AFF /* HLS-Stream-Video */,
				8D3F45E6207F037C00475AFF /* Products */,
				8D3F45FA207F03DC00475AFF /* Frameworks */,
			);
			sourceTree = "<group>";
		};
		8D3F45E6207F037C00475AFF /* Products */ = {
			isa = PBXGroup;
			children = (
				8D3F45E5207F037C00475AFF /* HLS-Stream-Video.app */,
			);
			name = Products;
			sourceTree = "<group>";
		};
		8D3F45E7207F037C00475AFF /* HLS-Stream-Video */ = {
			isa = PBXGroup;
			children = (
				8D3F45E8207F037C00475AFF /* AppDelegate.swift */,
				8D3F45EA207F037C00475AFF /* ViewController.swift */,
				8D3F45EC207F037C00475AFF /* Main.storyboard */,
				8D3F45EF207F037C00475AFF /* Assets.xcassets */,
				8D3F45F1207F037C00475AFF /* LaunchScreen.storyboard */,
				8D3F45F4207F037C00475AFF /* Info.plist */,
			);
			path = "HLS-Stream-Video";
			sourceTree = "<group>";
		};
		8D3F45FA207F03DC00475AFF /* Frameworks */ = {
			isa = PBXGroup;
			children = (
				8D3F45FC207F03DC00475AFF /* AVFoundation.framework */,
				8D3F45FB207F03DC00475AFF /* AVKit.framework */,
			);
			name = Frameworks;
			sourceTree = "<group>";
		};
/* End PBXGroup section */

/* Begin PBXNativeTarget section */
		8D3F45E4207F037C00475AFF /* HLS-Stream-Video */ = {
			isa = PBXNativeTarget;
			buildConfigurationList = 8D3F45F7207F037C00475AFF /* Build configuration list for PBXNativeTarget "HLS-Stream-Video" */;
			buildPhases = (
				8D3F45E1207F037C00475AFF /* Sources */,
				8D3F45E2207F037C00475AFF /* Frameworks */,
				8D3F45E3207F037C00475AFF /* Resources */,
			);
			buildRules = (
			);
			dependencies = (
			);
			name = "HLS-Stream-Video";
			productName = "HLS-Stream-Video";
			productReference = 8D3F45E5207F037C00475AFF /* HLS-Stream-Video.app */;
			productType = "com.apple.product-type.application";
		};
/* End PBXNativeTarget section */

/* Begin PBXProject section */
		8D3F45DD207F037C00475AFF /* Project object */ = {
			isa = PBXProject;
			attributes = {
				LastSwiftUpdateCheck = 0920;
				LastUpgradeCheck = 0920;
				ORGANIZATIONNAME = kelvinfok;
				TargetAttributes = {
					8D3F45E4207F037C00475AFF = {
						CreatedOnToolsVersion = 9.2;
						ProvisioningStyle = Automatic;
					};
				};
			};
			buildConfigurationList = 8D3F45E0207F037C00475AFF /* Build configuration list for PBXProject "HLS-Stream-Video" */;
			compatibilityVersion = "Xcode 8.0";
			developmentRegion = en;
			hasScannedForEncodings = 0;
			knownRegions = (
				en,
				Base,
			);
			mainGroup = 8D3F45DC207F037C00475AFF;
			productRefGroup = 8D3F45E6207F037C00475AFF /* Products */;
			projectDirPath = "";
			projectRoot = "";
			targets = (
				8D3F45E4207F037C00475AFF /* HLS-Stream-Video */,
			);
		};
/* End PBXProject section */

/* Begin PBXResourcesBuildPhase section */
		8D3F45E3207F037C00475AFF /* Resources */ = {
			isa = PBXResourcesBuildPhase;
			buildActionMask = 2147483647;
			files = (
				8D3F45F3207F037C00475AFF /* LaunchScreen.storyboard in Resources */,
				8D3F45F0207F037C00475AFF /* Assets.xcassets in Resources */,
				8D3F45EE207F037C00475AFF /* Main.storyboard in Resources */,
			);
			runOnlyForDeploymentPostprocessing = 0;
		};
/* End PBXResourcesBuildPhase section */

/* Begin PBXSourcesBuildPhase section */
		8D3F45E1207F037C00475AFF /* Sources */ = {
			isa = PBXSourcesBuildPhase;
			buildActionMask = 2147483647;
			files = (
				8D3F45EB207F037C00475AFF /* ViewController.swift in Sources */,
				8D3F45E9207F037C00475AFF /* AppDelegate.swift in Sources */,
			);
			runOnlyForDeploymentPostprocessing = 0;
		};
/* End PBXSourcesBuildPhase section */

/* Begin PBXVariantGroup section */
		8D3F45EC207F037C00475AFF /* Main.storyboard */ = {
			isa = PBXVariantGroup;
			children = (
				8D3F45ED207F037C00475AFF /* Base */,
			);
			name = Main.storyboard;
			sourceTree = "<group>";
		};
		8D3F45F1207F037C00475AFF /* LaunchScreen.storyboard */ = {
			isa = PBXVariantGroup;
			children = (
				8D3F45F2207F037C00475AFF /* Base */,
			);
			name = LaunchScreen.storyboard;
			sourceTree = "<group>";
		};
/* End PBXVariantGroup section */

/* Begin XCBuildConfiguration section */
		8D3F45F5207F037C00475AFF /* Debug */ = {
			isa = XCBuildConfiguration;
			buildSettings = {
				ALWAYS_SEARCH_USER_PATHS = NO;
				CLANG_ANALYZER_NONNULL = YES;
				CLANG_ANALYZER_NUMBER_OBJECT_CONVERSION = YES_AGGRESSIVE;
				CLANG_CXX_LANGUAGE_STANDARD = "gnu++14";
				CLANG_CXX_LIBRARY = "libc++";
				CLANG_ENABLE_MODULES = YES;
				CLANG_ENABLE_OBJC_ARC = YES;
				CLANG_WARN_BLOCK_CAPTURE_AUTORELEASING = YES;
				CLANG_WARN_BOOL_CONVERSION = YES;
				CLANG_WARN_COMMA = YES;
				CLANG_WARN_CONSTANT_CONVERSION = YES;
				CLANG_WARN_DIRECT_OBJC_ISA_USAGE = YES_ERROR;
				CLANG_WARN_DOCUMENTATION_COMMENTS = YES;
				CLANG_WARN_EMPTY_BODY = YES;
				CLANG_WARN_ENUM_CONVERSION = YES;
				CLANG_WARN_INFINITE_RECURSION = YES;
				CLANG_WARN_INT_CONVERSION = YES;
				CLANG_WARN_NON_LITERAL_NULL_CONVERSION = YES;
				CLANG_WARN_OBJC_LITERAL_CONVERSION = YES;
				CLANG_WARN_OBJC_ROOT_CLASS = YES_ERROR;
				CLANG_WARN_RANGE_LOOP_ANALYSIS = YES;
				CLANG_WARN_STRICT_PROTOTYPES = YES;
				CLANG_WARN_SUSPICIOUS_MOVE = YES;
				CLANG_WARN_UNGUARDED_AVAILABILITY = YES_AGGRESSIVE;
				CLANG_WARN_UNREACHABLE_CODE = YES;
				CLANG_WARN__DUPLICATE_METHOD_MATCH = YES;
				CODE_SIGN_IDENTITY = "iPhone Developer";
				COPY_PHASE_STRIP = NO;
				DEBUG_INFORMATION_FORMAT = dwarf;
				ENABLE_STRICT_OBJC_MSGSEND = YES;
				ENABLE_TESTABILITY = YES;
				GCC_C_LANGUAGE_STANDARD = gnu11;
				GCC_DYNAMIC_NO_PIC = NO;
				GCC_NO_COMMON_BLOCKS = YES;
				GCC_OPTIMIZATION_LEVEL = 0;
				GCC_PREPROCESSOR_DEFINITIONS = (
					"DEBUG=1",
					"$(inherited)",
				);
				GCC_WARN_64_TO_32_BIT_CONVERSION = YES;
				GCC_WARN_ABOUT_RETURN_TYPE = YES_ERROR;
				GCC_WARN_UNDECLARED_SELECTOR = YES;
				GCC_WARN_UNINITIALIZED_AUTOS = YES_AGGRESSIVE;
				GCC_WARN_UNUSED_FUNCTION = YES;
				GCC_WARN_UNUSED_VARIABLE = YES;
				IPHONEOS_DEPLOYMENT_TARGET = 11.2;
				MTL_ENABLE_DEBUG_INFO = YES;
				ONLY_ACTIVE_ARCH = YES;
				SDKROOT = iphoneos;
				SWIFT_ACTIVE_COMPILATION_CONDITIONS = DEBUG;
				SWIFT_OPTIMIZATION_LEVEL = "-Onone";
			};
			name = Debug;
		};
		8D3F45F6207F037C00475AFF /* Release */ = {
			isa = XCBuildConfiguration;
			buildSettings = {
				ALWAYS_SEARCH_USER_PATHS = NO;
				CLANG_ANALYZER_NONNULL = YES;
				CLANG_ANALYZER_NUMBER_OBJECT_CONVERSION = YES_AGGRESSIVE;
				CLANG_CXX_LANGUAGE_STANDARD = "gnu++14";
				CLANG_CXX_LIBRARY = "libc++";
				CLANG_ENABLE_MODULES = YES;
				CLANG_ENABLE_OBJC_ARC = YES;
				CLANG_WARN_BLOCK_CAPTURE_AUTORELEASING = YES;
				CLANG_WARN_BOOL_CONVERSION = YES;
				CLANG_WARN_COMMA = YES;
				CLANG_WARN_CONSTANT_CONVERSION = YES;
				CLANG_WARN_DIRECT_OBJC_ISA_USAGE = YES_ERROR;
				CLANG_WARN_DOCUMENTATION_COMMENTS = YES;
				CLANG_WARN_EMPTY_BODY = YES;
				CLANG_WARN_ENUM_CONVERSION = YES;
				CLANG_WARN_INFINITE_RECURSION = YES;
				CLANG_WARN_INT_CONVERSION = YES;
				CLANG_WARN_NON_LITERAL_NULL_CONVERSION = YES;
				CLANG_WARN_OBJC_LITERAL_CONVERSION = YES;
				CLANG_WARN_OBJC_ROOT_CLASS = YES_ERROR;
				CLANG_WARN_RANGE_LOOP_ANALYSIS = YES;
				CLANG_WARN_STRICT_PROTOTYPES = YES;
				CLANG_WARN_SUSPICIOUS_MOVE = YES;
				CLANG_WARN_UNGUARDED_AVAILABILITY = YES_AGGRESSIVE;
				CLANG_WARN_UNREACHABLE_CODE = YES;
				CLANG_WARN__DUPLICATE_METHOD_MATCH = YES;
				CODE_SIGN_IDENTITY = "iPhone Developer";
				COPY_PHASE_STRIP = NO;
				DEBUG_INFORMATION_FORMAT = "dwarf-with-dsym";
				ENABLE_NS_ASSERTIONS = NO;
				ENABLE_STRICT_OBJC_MSGSEND = YES;
				GCC_C_LANGUAGE_STANDARD = gnu11;
				GCC_NO_COMMON_BLOCKS = YES;
				GCC_WARN_64_TO_32_BIT_CONVERSION = YES;
				GCC_WARN_ABOUT_RETURN_TYPE = YES_ERROR;
				GCC_WARN_UNDECLARED_SELECTOR = YES;
				GCC_WARN_UNINITIALIZED_AUTOS = YES_AGGRESSIVE;
				GCC_WARN_UNUSED_FUNCTION = YES;
				GCC_WARN_UNUSED_VARIABLE = YES;
				IPHONEOS_DEPLOYMENT_TARGET = 11.2;
				MTL_ENABLE_DEBUG_INFO = NO;
				SDKROOT = iphoneos;
				SWIFT_OPTIMIZATION_LEVEL = "-Owholemodule";
				VALIDATE_PRODUCT = YES;
			};
			name = Release;
		};
		8D3F45F8207F037C00475AFF /* Debug */ = {
			isa = XCBuildConfiguration;
			buildSettings = {
				ASSETCATALOG_COMPILER_APPICON_NAME = AppIcon;
				CODE_SIGN_STYLE = Automatic;
				DEVELOPMENT_TEAM = "";
				INFOPLIST_FILE = "HLS-Stream-Video/Info.plist";
				IPHONEOS_DEPLOYMENT_TARGET = 11.2;
				LD_RUNPATH_SEARCH_PATHS = "$(inherited) @executable_path/Frameworks";
				PRODUCT_BUNDLE_IDENTIFIER = "com.kelvinfok.HLS-Stream-Video";
				PRODUCT_NAME = "$(TARGET_NAME)";
				SWIFT_VERSION = 4.0;
				TARGETED_DEVICE_FAMILY = "1,2";
			};
			name = Debug;
		};
		8D3F45F9207F037C00475AFF /* Release */ = {
			isa = XCBuildConfiguration;
			buildSettings = {
				ASSETCATALOG_COMPILER_APPICON_NAME = AppIcon;
				CODE_SIGN_STYLE = Automatic;
				DEVELOPMENT_TEAM = "";
				INFOPLIST_FILE = "HLS-Stream-Video/Info.plist";
				IPHONEOS_DEPLOYMENT_TARGET = 11.2;
				LD_RUNPATH_SEARCH_PATHS = "$(inherited) @executable_path/Frameworks";
				PRODUCT_BUNDLE_IDENTIFIER = "com.kelvinfok.HLS-Stream-Video";
				PRODUCT_NAME = "$(TARGET_NAME)";
				SWIFT_VERSION = 4.0;
				TARGETED_DEVICE_FAMILY = "1,2";
			};
			name = Release;
		};
/* End XCBuildConfiguration section */

/* Begin XCConfigurationList section */
		8D3F45E0207F037C00475AFF /* Build configuration list for PBXProject "HLS-Stream-Video" */ = {
			isa = XCConfigurationList;
			buildConfigurations = (
				8D3F45F5207F037C00475AFF /* Debug */,
				8D3F45F6207F037C00475AFF /* Release */,
			);
			defaultConfigurationIsVisible = 0;
			defaultConfigurationName = Release;
		};
		8D3F45F7207F037C00475AFF /* Build configuration list for PBXNativeTarget "HLS-Stream-Video" */ = {
			isa = XCConfigurationList;
			buildConfigurations = (
				8D3F45F8207F037C00475AFF /* Debug */,
				8D3F45F9207F037C00475AFF /* Release */,
			);
			defaultConfigurationIsVisible = 0;
			defaultConfigurationName = Release;
		};
/* End XCConfigurationList section */
	};
	rootObject = 8D3F45DD207F037C00475AFF /* Project object */;
}
